
Microsoft Visual Studio Solution File, Format Version 12.00
# Visual Studio Version 16
VisualStudioVersion = 16.0.30804.86
MinimumVisualStudioVersion = 10.0.40219.1
Project("{FAE04EC0-301F-11D3-BF4B-00C04F79EFBC}") = "Burc", "Burc\Burc.csproj", "{D50EB492-67A9-47A6-96BA-E5C33516A541}"
EndProject
Global
	GlobalSection(SolutionConfigurationPlatforms) = preSolution
		Debug|Any CPU = Debug|Any CPU
		Release|Any CPU = Release|Any CPU
	EndGlobalSection
	GlobalSection(ProjectConfigurationPlatforms) = postSolution
		{D50EB492-67A9-47A6-96BA-E5C33516A541}.Debug|Any CPU.ActiveCfg = Debug|Any CPU
		{D50EB492-67A9-47A6-96BA-E5C33516A541}.Debug|Any CPU.Build.0 = Debug|Any CPU
		{D50EB492-67A9-47A6-96BA-E5C33516A541}.Release|Any CPU.ActiveCfg = Release|Any CPU
		{D50EB492-67A9-47A6-96BA-E5C33516A541}.Release|Any CPU.Build.0 = Release|Any CPU
	EndGlobalSection
	GlobalSection(SolutionProperties) = preSolution
		HideSolutionNode = FALSE
	EndGlobalSection
	GlobalSection(ExtensibilityGlobals) = postSolution
		SolutionGuid = {E37D0163-0560-481A-808B-D07D6A4976EB}
	EndGlobalSection
EndGlobal
